
Microsoft Visual Studio Solution File, Format Version 12.00
# Visual Studio Version 17
VisualStudioVersion = 17.8.34316.72
MinimumVisualStudioVersion = 10.0.40219.1
Project("{FAE04EC0-301F-11D3-BF4B-00C04F79EFBC}") = "TICTACTOE_WinForm", "TICTACTOE_WinForm.csproj", "{53D3EE0B-B68A-4F0D-9047-F09CDD126E2E}"
EndProject
Project("{54435603-DBB4-11D2-8724-00A0C9A8B90C}") = "TIC_TAC_TOE_SetUp", "..\TIC_TAC_TOE_SetUp\TIC_TAC_TOE_SetUp.vdproj", "{2C23C4DA-E229-4138-A7C7-966710DE5898}"
EndProject
Global
	GlobalSection(SolutionConfigurationPlatforms) = preSolution
		Debug|Any CPU = Debug|Any CPU
		Release|Any CPU = Release|Any CPU
	EndGlobalSection
	GlobalSection(ProjectConfigurationPlatforms) = postSolution
		{53D3EE0B-B68A-4F0D-9047-F09CDD126E2E}.Debug|Any CPU.ActiveCfg = Debug|Any CPU
		{53D3EE0B-B68A-4F0D-9047-F09CDD126E2E}.Debug|Any CPU.Build.0 = Debug|Any CPU
		{53D3EE0B-B68A-4F0D-9047-F09CDD126E2E}.Release|Any CPU.ActiveCfg = Release|Any CPU
		{53D3EE0B-B68A-4F0D-9047-F09CDD126E2E}.Release|Any CPU.Build.0 = Release|Any CPU
		{2C23C4DA-E229-4138-A7C7-966710DE5898}.Debug|Any CPU.ActiveCfg = Debug
		{2C23C4DA-E229-4138-A7C7-966710DE5898}.Release|Any CPU.ActiveCfg = Release
	EndGlobalSection
	GlobalSection(SolutionProperties) = preSolution
		HideSolutionNode = FALSE
	EndGlobalSection
	GlobalSection(ExtensibilityGlobals) = postSolution
		SolutionGuid = {F7CAD688-A77D-45A8-8273-E7CBD6EA83D1}
	EndGlobalSection
EndGlobal
